
Microsoft Visual Studio Solution File, Format Version 12.00
# Visual Studio Version 16
VisualStudioVersion = 16.0.29020.237
MinimumVisualStudioVersion = 10.0.40219.1
Project("{FAE04EC0-301F-11D3-BF4B-00C04F79EFBC}") = "Chatty.Web", "Chatty.Web\Chatty.Web.csproj", "{65C8B35D-3AB5-4D47-A904-D0FEFA141DB3}"
EndProject
Project("{FAE04EC0-301F-11D3-BF4B-00C04F79EFBC}") = "Chatty.Database", "Chatty.Database\Chatty.Database.csproj", "{80F3C674-4D3D-47A7-BEA3-75E1D8766CBA}"
EndProject
Project("{FAE04EC0-301F-11D3-BF4B-00C04F79EFBC}") = "Chatty.Core", "Chatty.Core\Chatty.Core.csproj", "{FB151918-6B29-4B2D-9012-62E766F15792}"
EndProject
Project("{FAE04EC0-301F-11D3-BF4B-00C04F79EFBC}") = "Chatty.Initializers", "Chatty.Initializer\Chatty.Initializers.csproj", "{1A6F8FAA-B787-4D66-AA9A-20422AA4356E}"
EndProject
Project("{FAE04EC0-301F-11D3-BF4B-00C04F79EFBC}") = "Chatty.ChatBot", "Chatty.ChatBot\Chatty.ChatBot.csproj", "{63F7FD13-7DC8-42E5-9CB4-0E85E6FD2379}"
EndProject
Project("{FAE04EC0-301F-11D3-BF4B-00C04F79EFBC}") = "Chatty.ChatBot.ConsoleHost", "Chatty.ChatBot.ConsoleHost\Chatty.ChatBot.ConsoleHost.csproj", "{9F53D601-1AEB-489C-93CB-8C7A4BA2CCF4}"
EndProject
Project("{FAE04EC0-301F-11D3-BF4B-00C04F79EFBC}") = "Chatty.Tests", "Chatty.Tests\Chatty.Tests.csproj", "{B8B6FE8D-BF32-4ECE-9E6E-B5ED3D3F0DA7}"
EndProject
Global
	GlobalSection(SolutionConfigurationPlatforms) = preSolution
		Debug|Any CPU = Debug|Any CPU
		Release|Any CPU = Release|Any CPU
	EndGlobalSection
	GlobalSection(ProjectConfigurationPlatforms) = postSolution
		{65C8B35D-3AB5-4D47-A904-D0FEFA141DB3}.Debug|Any CPU.ActiveCfg = Debug|Any CPU
		{65C8B35D-3AB5-4D47-A904-D0FEFA141DB3}.Debug|Any CPU.Build.0 = Debug|Any CPU
		{65C8B35D-3AB5-4D47-A904-D0FEFA141DB3}.Release|Any CPU.ActiveCfg = Release|Any CPU
		{65C8B35D-3AB5-4D47-A904-D0FEFA141DB3}.Release|Any CPU.Build.0 = Release|Any CPU
		{80F3C674-4D3D-47A7-BEA3-75E1D8766CBA}.Debug|Any CPU.ActiveCfg = Debug|Any CPU
		{80F3C674-4D3D-47A7-BEA3-75E1D8766CBA}.Debug|Any CPU.Build.0 = Debug|Any CPU
		{80F3C674-4D3D-47A7-BEA3-75E1D8766CBA}.Release|Any CPU.ActiveCfg = Release|Any CPU
		{80F3C674-4D3D-47A7-BEA3-75E1D8766CBA}.Release|Any CPU.Build.0 = Release|Any CPU
		{FB151918-6B29-4B2D-9012-62E766F15792}.Debug|Any CPU.ActiveCfg = Debug|Any CPU
		{FB151918-6B29-4B2D-9012-62E766F15792}.Debug|Any CPU.Build.0 = Debug|Any CPU
		{FB151918-6B29-4B2D-9012-62E766F15792}.Release|Any CPU.ActiveCfg = Release|Any CPU
		{FB151918-6B29-4B2D-9012-62E766F15792}.Release|Any CPU.Build.0 = Release|Any CPU
		{1A6F8FAA-B787-4D66-AA9A-20422AA4356E}.Debug|Any CPU.ActiveCfg = Debug|Any CPU
		{1A6F8FAA-B787-4D66-AA9A-20422AA4356E}.Debug|Any CPU.Build.0 = Debug|Any CPU
		{1A6F8FAA-B787-4D66-AA9A-20422AA4356E}.Release|Any CPU.ActiveCfg = Release|Any CPU
		{1A6F8FAA-B787-4D66-AA9A-20422AA4356E}.Release|Any CPU.Build.0 = Release|Any CPU
		{63F7FD13-7DC8-42E5-9CB4-0E85E6FD2379}.Debug|Any CPU.ActiveCfg = Debug|Any CPU
		{63F7FD13-7DC8-42E5-9CB4-0E85E6FD2379}.Debug|Any CPU.Build.0 = Debug|Any CPU
		{63F7FD13-7DC8-42E5-9CB4-0E85E6FD2379}.Release|Any CPU.ActiveCfg = Release|Any CPU
		{63F7FD13-7DC8-42E5-9CB4-0E85E6FD2379}.Release|Any CPU.Build.0 = Release|Any CPU
		{9F53D601-1AEB-489C-93CB-8C7A4BA2CCF4}.Debug|Any CPU.ActiveCfg = Debug|Any CPU
		{9F53D601-1AEB-489C-93CB-8C7A4BA2CCF4}.Debug|Any CPU.Build.0 = Debug|Any CPU
		{9F53D601-1AEB-489C-93CB-8C7A4BA2CCF4}.Release|Any CPU.ActiveCfg = Release|Any CPU
		{9F53D601-1AEB-489C-93CB-8C7A4BA2CCF4}.Release|Any CPU.Build.0 = Release|Any CPU
		{B8B6FE8D-BF32-4ECE-9E6E-B5ED3D3F0DA7}.Debug|Any CPU.ActiveCfg = Debug|Any CPU
		{B8B6FE8D-BF32-4ECE-9E6E-B5ED3D3F0DA7}.Debug|Any CPU.Build.0 = Debug|Any CPU
		{B8B6FE8D-BF32-4ECE-9E6E-B5ED3D3F0DA7}.Release|Any CPU.ActiveCfg = Release|Any CPU
		{B8B6FE8D-BF32-4ECE-9E6E-B5ED3D3F0DA7}.Release|Any CPU.Build.0 = Release|Any CPU
	EndGlobalSection
	GlobalSection(SolutionProperties) = preSolution
		HideSolutionNode = FALSE
	EndGlobalSection
	GlobalSection(ExtensibilityGlobals) = postSolution
		SolutionGuid = {837C65E3-EE0B-40C0-832F-7A0F24D44434}
	EndGlobalSection
EndGlobal
